
Microsoft Visual Studio Solution File, Format Version 12.00
# Visual Studio 15
VisualStudioVersion = 15.0.26730.15
MinimumVisualStudioVersion = 10.0.40219.1
Project("{FAE04EC0-301F-11D3-BF4B-00C04F79EFBC}") = "TopGearWebSite", "Trabalho20172\TopGearWebSite.csproj", "{97C93224-63E0-43EB-8039-B4C2CD96F4F6}"
EndProject
Project("{FAE04EC0-301F-11D3-BF4B-00C04F79EFBC}") = "TopGearWebSite.Api", "TopGear.Api\TopGearWebSite.Api.csproj", "{40FBDECD-8571-45AE-BA8E-4E06CF7133EC}"
EndProject
Project("{FAE04EC0-301F-11D3-BF4B-00C04F79EFBC}") = "TopGear.Console", "TopGear.Console\TopGear.Console.csproj", "{F27CBEEE-8243-4FA2-B982-D80B9D8AB4BD}"
EndProject
Project("{FAE04EC0-301F-11D3-BF4B-00C04F79EFBC}") = "TopGearWebSite.teste", "WebSiteTeste\TopGearWebSite.teste.csproj", "{4D44BDF2-8ABB-406A-AB20-5A14B15F23EE}"
EndProject
Global
	GlobalSection(SolutionConfigurationPlatforms) = preSolution
		Debug|Any CPU = Debug|Any CPU
		Release|Any CPU = Release|Any CPU
	EndGlobalSection
	GlobalSection(ProjectConfigurationPlatforms) = postSolution
		{97C93224-63E0-43EB-8039-B4C2CD96F4F6}.Debug|Any CPU.ActiveCfg = Debug|Any CPU
		{97C93224-63E0-43EB-8039-B4C2CD96F4F6}.Debug|Any CPU.Build.0 = Debug|Any CPU
		{97C93224-63E0-43EB-8039-B4C2CD96F4F6}.Release|Any CPU.ActiveCfg = Release|Any CPU
		{97C93224-63E0-43EB-8039-B4C2CD96F4F6}.Release|Any CPU.Build.0 = Release|Any CPU
		{40FBDECD-8571-45AE-BA8E-4E06CF7133EC}.Debug|Any CPU.ActiveCfg = Debug|Any CPU
		{40FBDECD-8571-45AE-BA8E-4E06CF7133EC}.Debug|Any CPU.Build.0 = Debug|Any CPU
		{40FBDECD-8571-45AE-BA8E-4E06CF7133EC}.Release|Any CPU.ActiveCfg = Release|Any CPU
		{40FBDECD-8571-45AE-BA8E-4E06CF7133EC}.Release|Any CPU.Build.0 = Release|Any CPU
		{F27CBEEE-8243-4FA2-B982-D80B9D8AB4BD}.Debug|Any CPU.ActiveCfg = Debug|Any CPU
		{F27CBEEE-8243-4FA2-B982-D80B9D8AB4BD}.Debug|Any CPU.Build.0 = Debug|Any CPU
		{F27CBEEE-8243-4FA2-B982-D80B9D8AB4BD}.Release|Any CPU.ActiveCfg = Release|Any CPU
		{F27CBEEE-8243-4FA2-B982-D80B9D8AB4BD}.Release|Any CPU.Build.0 = Release|Any CPU
		{4D44BDF2-8ABB-406A-AB20-5A14B15F23EE}.Debug|Any CPU.ActiveCfg = Debug|Any CPU
		{4D44BDF2-8ABB-406A-AB20-5A14B15F23EE}.Debug|Any CPU.Build.0 = Debug|Any CPU
		{4D44BDF2-8ABB-406A-AB20-5A14B15F23EE}.Release|Any CPU.ActiveCfg = Release|Any CPU
		{4D44BDF2-8ABB-406A-AB20-5A14B15F23EE}.Release|Any CPU.Build.0 = Release|Any CPU
	EndGlobalSection
	GlobalSection(SolutionProperties) = preSolution
		HideSolutionNode = FALSE
	EndGlobalSection
	GlobalSection(ExtensibilityGlobals) = postSolution
		SolutionGuid = {FB625C2E-AB97-4989-B8E9-6D150F4C1680}
	EndGlobalSection
EndGlobal
